# This file is autogenerated, do not edit; changes may be undone by the next 'dep ensure'.


[[projects]]
  name = "github.com/paulmach/go.geojson"
  packages = ["."]
  revision = "aa3713dea4327980f5891ac781c6f1a45ea75c0f"
  version = "v1.3.1"

[[projects]]
  branch = "v2"
  name = "gopkg.in/urfave/cli.v2"
  packages = ["."]
  revision = "b2bf3c5abeb90da407891aecd1df2c5a1f6170c1"

[solve-meta]
  analyzer-name = "dep"
  analyzer-version = 1
  inputs-digest = "781513e4a6f471956c27edb7cdb47fae02f1aa590b52d53c2f5847b76e0c913f"
  solver-name = "gps-cdcl"
  solver-version = 1
